
Microsoft Visual Studio Solution File, Format Version 12.00
# Visual Studio 11
Project("{FAE04EC0-301F-11D3-BF4B-00C04F79EFBC}") = "PartialZip", "PartialZip.csproj", "{CF195A16-3E95-4677-9835-9DC92605A80C}"
EndProject
Global
	GlobalSection(SolutionConfigurationPlatforms) = preSolution
		Debug|Any CPU = Debug|Any CPU
		Release|Any CPU = Release|Any CPU
	EndGlobalSection
	GlobalSection(ProjectConfigurationPlatforms) = postSolution
		{CF195A16-3E95-4677-9835-9DC92605A80C}.Debug|Any CPU.ActiveCfg = Debug|Any CPU
		{CF195A16-3E95-4677-9835-9DC92605A80C}.Debug|Any CPU.Build.0 = Debug|Any CPU
		{CF195A16-3E95-4677-9835-9DC92605A80C}.Release|Any CPU.ActiveCfg = Release|Any CPU
		{CF195A16-3E95-4677-9835-9DC92605A80C}.Release|Any CPU.Build.0 = Release|Any CPU
	EndGlobalSection
	GlobalSection(SolutionProperties) = preSolution
		HideSolutionNode = FALSE
	EndGlobalSection
EndGlobal
